<?xml version="1.0" encoding="UTF-8" standalone="yes" ?>
<CodeBlocks_project_file>
	<FileVersion major="1" minor="5" />
	<Project>
		<Option title="SpriteWorldX" />
		<Option pch_mode="2" />
		<Option default_target="" />
		<Option compiler="gcc" />
		<Option virtualFolders="" />
		<Build>
			<Target title="default">
				<Option output="../Libraries/libSpriteWorldX.a" />
				<Option working_dir="" />
				<Option type="2" />
				<Option compiler="gcc" />
				<Option createDefFile="1" />
			</Target>
		</Build>
		<Compiler>
			<Add option="-DHAVE_OPENGL" />
			<Add directory="../Headers" />
			<Add directory="../BlitKernel" />
			<Add directory="../Utils" />
		</Compiler>
		<Unit filename="../BlitKernel/BlitKernel.h">
			<Option compilerVar="CC" />
			<Option compile="0" />
			<Option link="0" />
			<Option target="default" />
		</Unit>
		<Unit filename="../BlitKernel/BlitKernelGL.c">
			<Option compilerVar="CC" />
			<Option target="default" />
		</Unit>
		<Unit filename="../BlitKernel/BlitKernelSDL.c">
			<Option compilerVar="CC" />
			<Option target="default" />
		</Unit>
		<Unit filename="../Headers/SWCommonHeaders.h">
			<Option compilerVar="CC" />
			<Option compile="0" />
			<Option link="0" />
			<Option target="default" />
		</Unit>
		<Unit filename="../Headers/SWIncludes.h">
			<Option compilerVar="CC" />
			<Option compile="0" />
			<Option link="0" />
			<Option target="default" />
		</Unit>
		<Unit filename="../Headers/Scrolling.h">
			<Option compilerVar="CC" />
			<Option compile="0" />
			<Option link="0" />
			<Option target="default" />
		</Unit>
		<Unit filename="../Headers/Sprite.h">
			<Option compilerVar="CC" />
			<Option compile="0" />
			<Option link="0" />
			<Option target="default" />
		</Unit>
		<Unit filename="../Headers/SpriteCreation.h">
			<Option compilerVar="CC" />
			<Option compile="0" />
			<Option link="0" />
			<Option target="default" />
		</Unit>
		<Unit filename="../Headers/SpriteFrame.h">
			<Option compilerVar="CC" />
			<Option compile="0" />
			<Option link="0" />
			<Option target="default" />
		</Unit>
		<Unit filename="../Headers/SpriteLayer.h">
			<Option compilerVar="CC" />
			<Option compile="0" />
			<Option link="0" />
			<Option target="default" />
		</Unit>
		<Unit filename="../Headers/SpriteWorld.h">
			<Option compilerVar="CC" />
			<Option compile="0" />
			<Option link="0" />
			<Option target="default" />
		</Unit>
		<Unit filename="../Headers/SpriteWorldUtils.h">
			<Option compilerVar="CC" />
			<Option compile="0" />
			<Option link="0" />
			<Option target="default" />
		</Unit>
		<Unit filename="../Headers/Tiling.h">
			<Option compilerVar="CC" />
			<Option compile="0" />
			<Option link="0" />
			<Option target="default" />
		</Unit>
		<Unit filename="../Sources/Scrolling.c">
			<Option compilerVar="CC" />
			<Option target="default" />
		</Unit>
		<Unit filename="../Sources/Sprite.c">
			<Option compilerVar="CC" />
			<Option target="default" />
		</Unit>
		<Unit filename="../Sources/SpriteCreation.c">
			<Option compilerVar="CC" />
			<Option target="default" />
		</Unit>
		<Unit filename="../Sources/SpriteFrame.c">
			<Option compilerVar="CC" />
			<Option target="default" />
		</Unit>
		<Unit filename="../Sources/SpriteLayer.c">
			<Option compilerVar="CC" />
			<Option target="default" />
		</Unit>
		<Unit filename="../Sources/SpriteWorld.c">
			<Option compilerVar="CC" />
			<Option target="default" />
		</Unit>
		<Unit filename="../Sources/SpriteWorldUtils.c">
			<Option compilerVar="CC" />
			<Option target="default" />
		</Unit>
		<Unit filename="../Sources/Tiling.c">
			<Option compilerVar="CC" />
			<Option target="default" />
		</Unit>
		<Unit filename="../Utils/SWParticles.c">
			<Option compilerVar="CC" />
			<Option target="default" />
		</Unit>
		<Unit filename="../Utils/SWParticles.h">
			<Option compilerVar="CC" />
			<Option compile="0" />
			<Option link="0" />
			<Option target="default" />
		</Unit>
		<Unit filename="../Utils/SWProperties.c">
			<Option compilerVar="CC" />
			<Option target="default" />
		</Unit>
		<Unit filename="../Utils/SWProperties.h">
			<Option compilerVar="CC" />
			<Option compile="0" />
			<Option link="0" />
			<Option target="default" />
		</Unit>
		<Unit filename="../Utils/SWStats.c">
			<Option compilerVar="CC" />
			<Option target="default" />
		</Unit>
		<Unit filename="../Utils/SWStats.h">
			<Option compilerVar="CC" />
			<Option compile="0" />
			<Option link="0" />
			<Option target="default" />
		</Unit>
		<Unit filename="../Utils/SWUtils.h">
			<Option compilerVar="CC" />
			<Option compile="0" />
			<Option link="0" />
			<Option target="default" />
		</Unit>
		<Extensions />
	</Project>
</CodeBlocks_project_file>